
Microsoft Visual Studio Solution File, Format Version 12.00
# Visual Studio Version 17
VisualStudioVersion = 17.0.31903.59
MinimumVisualStudioVersion = 10.0.40219.1
Project("{FAE04EC0-301F-11D3-BF4B-00C04F79EFBC}") = "ChamundaHandicraft.Helper", "ChamundaHandicraft.Helper\ChamundaHandicraft.Helper.csproj", "{14CD8E10-D4D1-41A6-93F2-E9DA174923AF}"
EndProject
Project("{FAE04EC0-301F-11D3-BF4B-00C04F79EFBC}") = "ChamundaHandicraft.API", "ChamundaHandicraft.API\ChamundaHandicraft.API.csproj", "{0663BBB5-2E5D-48E5-913E-085A7ECE7DE4}"
EndProject
Project("{FAE04EC0-301F-11D3-BF4B-00C04F79EFBC}") = "ChamundaHandicraft.APIGateway", "ChamundaHandicraft.APIGateway\ChamundaHandicraft.APIGateway.csproj", "{BC7E1F38-E4D7-4B5C-9A43-9C360C3A80AA}"
EndProject
Project("{FAE04EC0-301F-11D3-BF4B-00C04F79EFBC}") = "ChamundaHandicraft.Admin", "ChamundaHandicraft.Admin\ChamundaHandicraft.Admin.csproj", "{C29EA7DE-75EF-4081-8C64-8EF33442C7B7}"
EndProject
Project("{FAE04EC0-301F-11D3-BF4B-00C04F79EFBC}") = "ChamundaHandicraft.Customer", "ChamundaHandicraft.Customer\ChamundaHandicraft.Customer.csproj", "{168D0DF0-55EF-45EB-AFB0-85BD8CB01C67}"
EndProject
Project("{FAE04EC0-301F-11D3-BF4B-00C04F79EFBC}") = "ChamundaHandicraft.Tests", "ChamundaHandicraft.Tests\ChamundaHandicraft.Tests.csproj", "{81202892-2EEB-4E04-8BC1-D7A4B874AA06}"
EndProject
Project("{2150E333-8FDC-42A3-9474-1A3956D46DE8}") = "Modules", "Modules", "{CA253913-39DE-BFD0-C9A3-4B7EC6FBDF17}"
EndProject
Project("{FAE04EC0-301F-11D3-BF4B-00C04F79EFBC}") = "Identity", "Identity\Identity.csproj", "{96BFA506-61CC-49D1-B774-ECF759748466}"
EndProject
Project("{FAE04EC0-301F-11D3-BF4B-00C04F79EFBC}") = "Customers", "Customers\Customers.csproj", "{0A191B02-2956-4BA6-91A7-7679683EE76A}"
EndProject
Project("{FAE04EC0-301F-11D3-BF4B-00C04F79EFBC}") = "Catalog", "Catalog\Catalog.csproj", "{68096ADB-5356-427B-8972-E93A22054765}"
EndProject
Project("{FAE04EC0-301F-11D3-BF4B-00C04F79EFBC}") = "Categories", "Categories\Categories.csproj", "{A22D9FBF-5A4A-4CF6-BE1C-88015CCDCFA7}"
EndProject
Project("{FAE04EC0-301F-11D3-BF4B-00C04F79EFBC}") = "Inventory", "Inventory\Inventory.csproj", "{6BF6B0C0-5DF2-4365-917A-ECE4C902C6C2}"
EndProject
Project("{FAE04EC0-301F-11D3-BF4B-00C04F79EFBC}") = "Orders", "Orders\Orders.csproj", "{142D3CB5-61E1-4B9A-AC7B-CB6DEEE3E100}"
EndProject
Project("{FAE04EC0-301F-11D3-BF4B-00C04F79EFBC}") = "Cart", "Cart\Cart.csproj", "{68FC3219-5E8F-4A0B-9AD4-98EEBC88F6FA}"
EndProject
Project("{FAE04EC0-301F-11D3-BF4B-00C04F79EFBC}") = "Payments", "Payments\Payments.csproj", "{B844E371-2CF5-4338-95CD-78319256F30D}"
EndProject
Project("{FAE04EC0-301F-11D3-BF4B-00C04F79EFBC}") = "Shipping", "Shipping\Shipping.csproj", "{92FECECC-B5EF-4F65-BB50-A01063BDFAEE}"
EndProject
Project("{FAE04EC0-301F-11D3-BF4B-00C04F79EFBC}") = "Promotions", "Promotions\Promotions.csproj", "{9A444D6B-3123-4C09-8E51-6FB86C5D0687}"
EndProject
Project("{FAE04EC0-301F-11D3-BF4B-00C04F79EFBC}") = "Banners", "Banners\Banners.csproj", "{0DABB6AF-A3FC-43BB-B413-B8CA7D46CD95}"
EndProject
Project("{FAE04EC0-301F-11D3-BF4B-00C04F79EFBC}") = "Cms", "Cms\Cms.csproj", "{FEBE79E8-B152-4185-9302-4EB2EFD9470E}"
EndProject
Project("{FAE04EC0-301F-11D3-BF4B-00C04F79EFBC}") = "Blog", "Blog\Blog.csproj", "{96283EA3-9899-440B-BFFB-F04536061212}"
EndProject
Project("{FAE04EC0-301F-11D3-BF4B-00C04F79EFBC}") = "Reviews", "Reviews\Reviews.csproj", "{16A4274B-A876-4B02-A69E-5D2099BA5C5B}"
EndProject
Project("{FAE04EC0-301F-11D3-BF4B-00C04F79EFBC}") = "Testimonials", "Testimonials\Testimonials.csproj", "{837B9D26-2DAD-4652-AC3F-61F970AD2EC1}"
EndProject
Project("{FAE04EC0-301F-11D3-BF4B-00C04F79EFBC}") = "Newsletter", "Newsletter\Newsletter.csproj", "{A0815070-D022-496F-AC97-EE87FAD76478}"
EndProject
Project("{FAE04EC0-301F-11D3-BF4B-00C04F79EFBC}") = "Notifications", "Notifications\Notifications.csproj", "{28DE633D-2CBE-439A-B765-181D9A7A20A3}"
EndProject
Project("{FAE04EC0-301F-11D3-BF4B-00C04F79EFBC}") = "Reports", "Reports\Reports.csproj", "{20DE3AA6-5776-45A1-A753-00752806AA3A}"
EndProject
Project("{FAE04EC0-301F-11D3-BF4B-00C04F79EFBC}") = "Seo", "Seo\Seo.csproj", "{A48E380F-290A-4545-80C3-91DC00868E0D}"
EndProject
Project("{FAE04EC0-301F-11D3-BF4B-00C04F79EFBC}") = "Settings", "Settings\Settings.csproj", "{61AC672B-729D-475E-B508-2D0CA0954337}"
EndProject
Project("{FAE04EC0-301F-11D3-BF4B-00C04F79EFBC}") = "Media", "Media\Media.csproj", "{5ACCB023-2DB4-4452-87A5-A626A4DE1068}"
EndProject
Project("{FAE04EC0-301F-11D3-BF4B-00C04F79EFBC}") = "Locations", "Locations\Locations.csproj", "{1AA8F5F8-AC2A-47AE-AF02-53C329A2B1BB}"
EndProject
Project("{FAE04EC0-301F-11D3-BF4B-00C04F79EFBC}") = "Masters", "Masters\Masters.csproj", "{88AC1D30-B4DE-41B6-94AD-063CB81B6502}"
EndProject
Project("{FAE04EC0-301F-11D3-BF4B-00C04F79EFBC}") = "Support", "Support\Support.csproj", "{22BCD51A-F339-425B-909D-E33A853187EC}"
EndProject
Project("{FAE04EC0-301F-11D3-BF4B-00C04F79EFBC}") = "Audit", "Audit\Audit.csproj", "{438B0529-6E3C-4852-B5C1-3FD2E87B847B}"
EndProject
Global
	GlobalSection(SolutionConfigurationPlatforms) = preSolution
		Debug|Any CPU = Debug|Any CPU
		Debug|x64 = Debug|x64
		Debug|x86 = Debug|x86
		Release|Any CPU = Release|Any CPU
		Release|x64 = Release|x64
		Release|x86 = Release|x86
	EndGlobalSection
	GlobalSection(ProjectConfigurationPlatforms) = postSolution
		{14CD8E10-D4D1-41A6-93F2-E9DA174923AF}.Debug|Any CPU.ActiveCfg = Debug|Any CPU
		{14CD8E10-D4D1-41A6-93F2-E9DA174923AF}.Debug|Any CPU.Build.0 = Debug|Any CPU
		{14CD8E10-D4D1-41A6-93F2-E9DA174923AF}.Debug|x64.ActiveCfg = Debug|Any CPU
		{14CD8E10-D4D1-41A6-93F2-E9DA174923AF}.Debug|x64.Build.0 = Debug|Any CPU
		{14CD8E10-D4D1-41A6-93F2-E9DA174923AF}.Debug|x86.ActiveCfg = Debug|Any CPU
		{14CD8E10-D4D1-41A6-93F2-E9DA174923AF}.Debug|x86.Build.0 = Debug|Any CPU
		{14CD8E10-D4D1-41A6-93F2-E9DA174923AF}.Release|Any CPU.ActiveCfg = Release|Any CPU
		{14CD8E10-D4D1-41A6-93F2-E9DA174923AF}.Release|Any CPU.Build.0 = Release|Any CPU
		{14CD8E10-D4D1-41A6-93F2-E9DA174923AF}.Release|x64.ActiveCfg = Release|Any CPU
		{14CD8E10-D4D1-41A6-93F2-E9DA174923AF}.Release|x64.Build.0 = Release|Any CPU
		{14CD8E10-D4D1-41A6-93F2-E9DA174923AF}.Release|x86.ActiveCfg = Release|Any CPU
		{14CD8E10-D4D1-41A6-93F2-E9DA174923AF}.Release|x86.Build.0 = Release|Any CPU
		{0663BBB5-2E5D-48E5-913E-085A7ECE7DE4}.Debug|Any CPU.ActiveCfg = Debug|Any CPU
		{0663BBB5-2E5D-48E5-913E-085A7ECE7DE4}.Debug|Any CPU.Build.0 = Debug|Any CPU
		{0663BBB5-2E5D-48E5-913E-085A7ECE7DE4}.Debug|x64.ActiveCfg = Debug|Any CPU
		{0663BBB5-2E5D-48E5-913E-085A7ECE7DE4}.Debug|x64.Build.0 = Debug|Any CPU
		{0663BBB5-2E5D-48E5-913E-085A7ECE7DE4}.Debug|x86.ActiveCfg = Debug|Any CPU
		{0663BBB5-2E5D-48E5-913E-085A7ECE7DE4}.Debug|x86.Build.0 = Debug|Any CPU
		{0663BBB5-2E5D-48E5-913E-085A7ECE7DE4}.Release|Any CPU.ActiveCfg = Release|Any CPU
		{0663BBB5-2E5D-48E5-913E-085A7ECE7DE4}.Release|Any CPU.Build.0 = Release|Any CPU
		{0663BBB5-2E5D-48E5-913E-085A7ECE7DE4}.Release|x64.ActiveCfg = Release|Any CPU
		{0663BBB5-2E5D-48E5-913E-085A7ECE7DE4}.Release|x64.Build.0 = Release|Any CPU
		{0663BBB5-2E5D-48E5-913E-085A7ECE7DE4}.Release|x86.ActiveCfg = Release|Any CPU
		{0663BBB5-2E5D-48E5-913E-085A7ECE7DE4}.Release|x86.Build.0 = Release|Any CPU
		{BC7E1F38-E4D7-4B5C-9A43-9C360C3A80AA}.Debug|Any CPU.ActiveCfg = Debug|Any CPU
		{BC7E1F38-E4D7-4B5C-9A43-9C360C3A80AA}.Debug|Any CPU.Build.0 = Debug|Any CPU
		{BC7E1F38-E4D7-4B5C-9A43-9C360C3A80AA}.Debug|x64.ActiveCfg = Debug|Any CPU
		{BC7E1F38-E4D7-4B5C-9A43-9C360C3A80AA}.Debug|x64.Build.0 = Debug|Any CPU
		{BC7E1F38-E4D7-4B5C-9A43-9C360C3A80AA}.Debug|x86.ActiveCfg = Debug|Any CPU
		{BC7E1F38-E4D7-4B5C-9A43-9C360C3A80AA}.Debug|x86.Build.0 = Debug|Any CPU
		{BC7E1F38-E4D7-4B5C-9A43-9C360C3A80AA}.Release|Any CPU.ActiveCfg = Release|Any CPU
		{BC7E1F38-E4D7-4B5C-9A43-9C360C3A80AA}.Release|Any CPU.Build.0 = Release|Any CPU
		{BC7E1F38-E4D7-4B5C-9A43-9C360C3A80AA}.Release|x64.ActiveCfg = Release|Any CPU
		{BC7E1F38-E4D7-4B5C-9A43-9C360C3A80AA}.Release|x64.Build.0 = Release|Any CPU
		{BC7E1F38-E4D7-4B5C-9A43-9C360C3A80AA}.Release|x86.ActiveCfg = Release|Any CPU
		{BC7E1F38-E4D7-4B5C-9A43-9C360C3A80AA}.Release|x86.Build.0 = Release|Any CPU
		{C29EA7DE-75EF-4081-8C64-8EF33442C7B7}.Debug|Any CPU.ActiveCfg = Debug|Any CPU
		{C29EA7DE-75EF-4081-8C64-8EF33442C7B7}.Debug|Any CPU.Build.0 = Debug|Any CPU
		{C29EA7DE-75EF-4081-8C64-8EF33442C7B7}.Debug|x64.ActiveCfg = Debug|Any CPU
		{C29EA7DE-75EF-4081-8C64-8EF33442C7B7}.Debug|x64.Build.0 = Debug|Any CPU
		{C29EA7DE-75EF-4081-8C64-8EF33442C7B7}.Debug|x86.ActiveCfg = Debug|Any CPU
		{C29EA7DE-75EF-4081-8C64-8EF33442C7B7}.Debug|x86.Build.0 = Debug|Any CPU
		{C29EA7DE-75EF-4081-8C64-8EF33442C7B7}.Release|Any CPU.ActiveCfg = Release|Any CPU
		{C29EA7DE-75EF-4081-8C64-8EF33442C7B7}.Release|Any CPU.Build.0 = Release|Any CPU
		{C29EA7DE-75EF-4081-8C64-8EF33442C7B7}.Release|x64.ActiveCfg = Release|Any CPU
		{C29EA7DE-75EF-4081-8C64-8EF33442C7B7}.Release|x64.Build.0 = Release|Any CPU
		{C29EA7DE-75EF-4081-8C64-8EF33442C7B7}.Release|x86.ActiveCfg = Release|Any CPU
		{C29EA7DE-75EF-4081-8C64-8EF33442C7B7}.Release|x86.Build.0 = Release|Any CPU
		{168D0DF0-55EF-45EB-AFB0-85BD8CB01C67}.Debug|Any CPU.ActiveCfg = Debug|Any CPU
		{168D0DF0-55EF-45EB-AFB0-85BD8CB01C67}.Debug|Any CPU.Build.0 = Debug|Any CPU
		{168D0DF0-55EF-45EB-AFB0-85BD8CB01C67}.Debug|x64.ActiveCfg = Debug|Any CPU
		{168D0DF0-55EF-45EB-AFB0-85BD8CB01C67}.Debug|x64.Build.0 = Debug|Any CPU
		{168D0DF0-55EF-45EB-AFB0-85BD8CB01C67}.Debug|x86.ActiveCfg = Debug|Any CPU
		{168D0DF0-55EF-45EB-AFB0-85BD8CB01C67}.Debug|x86.Build.0 = Debug|Any CPU
		{168D0DF0-55EF-45EB-AFB0-85BD8CB01C67}.Release|Any CPU.ActiveCfg = Release|Any CPU
		{168D0DF0-55EF-45EB-AFB0-85BD8CB01C67}.Release|Any CPU.Build.0 = Release|Any CPU
		{168D0DF0-55EF-45EB-AFB0-85BD8CB01C67}.Release|x64.ActiveCfg = Release|Any CPU
		{168D0DF0-55EF-45EB-AFB0-85BD8CB01C67}.Release|x64.Build.0 = Release|Any CPU
		{168D0DF0-55EF-45EB-AFB0-85BD8CB01C67}.Release|x86.ActiveCfg = Release|Any CPU
		{168D0DF0-55EF-45EB-AFB0-85BD8CB01C67}.Release|x86.Build.0 = Release|Any CPU
		{81202892-2EEB-4E04-8BC1-D7A4B874AA06}.Debug|Any CPU.ActiveCfg = Debug|Any CPU
		{81202892-2EEB-4E04-8BC1-D7A4B874AA06}.Debug|Any CPU.Build.0 = Debug|Any CPU
		{81202892-2EEB-4E04-8BC1-D7A4B874AA06}.Debug|x64.ActiveCfg = Debug|Any CPU
		{81202892-2EEB-4E04-8BC1-D7A4B874AA06}.Debug|x64.Build.0 = Debug|Any CPU
		{81202892-2EEB-4E04-8BC1-D7A4B874AA06}.Debug|x86.ActiveCfg = Debug|Any CPU
		{81202892-2EEB-4E04-8BC1-D7A4B874AA06}.Debug|x86.Build.0 = Debug|Any CPU
		{81202892-2EEB-4E04-8BC1-D7A4B874AA06}.Release|Any CPU.ActiveCfg = Release|Any CPU
		{81202892-2EEB-4E04-8BC1-D7A4B874AA06}.Release|Any CPU.Build.0 = Release|Any CPU
		{81202892-2EEB-4E04-8BC1-D7A4B874AA06}.Release|x64.ActiveCfg = Release|Any CPU
		{81202892-2EEB-4E04-8BC1-D7A4B874AA06}.Release|x64.Build.0 = Release|Any CPU
		{81202892-2EEB-4E04-8BC1-D7A4B874AA06}.Release|x86.ActiveCfg = Release|Any CPU
		{81202892-2EEB-4E04-8BC1-D7A4B874AA06}.Release|x86.Build.0 = Release|Any CPU
		{96BFA506-61CC-49D1-B774-ECF759748466}.Debug|Any CPU.ActiveCfg = Debug|Any CPU
		{96BFA506-61CC-49D1-B774-ECF759748466}.Debug|Any CPU.Build.0 = Debug|Any CPU
		{96BFA506-61CC-49D1-B774-ECF759748466}.Debug|x64.ActiveCfg = Debug|Any CPU
		{96BFA506-61CC-49D1-B774-ECF759748466}.Debug|x64.Build.0 = Debug|Any CPU
		{96BFA506-61CC-49D1-B774-ECF759748466}.Debug|x86.ActiveCfg = Debug|Any CPU
		{96BFA506-61CC-49D1-B774-ECF759748466}.Debug|x86.Build.0 = Debug|Any CPU
		{96BFA506-61CC-49D1-B774-ECF759748466}.Release|Any CPU.ActiveCfg = Release|Any CPU
		{96BFA506-61CC-49D1-B774-ECF759748466}.Release|Any CPU.Build.0 = Release|Any CPU
		{96BFA506-61CC-49D1-B774-ECF759748466}.Release|x64.ActiveCfg = Release|Any CPU
		{96BFA506-61CC-49D1-B774-ECF759748466}.Release|x64.Build.0 = Release|Any CPU
		{96BFA506-61CC-49D1-B774-ECF759748466}.Release|x86.ActiveCfg = Release|Any CPU
		{96BFA506-61CC-49D1-B774-ECF759748466}.Release|x86.Build.0 = Release|Any CPU
		{0A191B02-2956-4BA6-91A7-7679683EE76A}.Debug|Any CPU.ActiveCfg = Debug|Any CPU
		{0A191B02-2956-4BA6-91A7-7679683EE76A}.Debug|Any CPU.Build.0 = Debug|Any CPU
		{0A191B02-2956-4BA6-91A7-7679683EE76A}.Debug|x64.ActiveCfg = Debug|Any CPU
		{0A191B02-2956-4BA6-91A7-7679683EE76A}.Debug|x64.Build.0 = Debug|Any CPU
		{0A191B02-2956-4BA6-91A7-7679683EE76A}.Debug|x86.ActiveCfg = Debug|Any CPU
		{0A191B02-2956-4BA6-91A7-7679683EE76A}.Debug|x86.Build.0 = Debug|Any CPU
		{0A191B02-2956-4BA6-91A7-7679683EE76A}.Release|Any CPU.ActiveCfg = Release|Any CPU
		{0A191B02-2956-4BA6-91A7-7679683EE76A}.Release|Any CPU.Build.0 = Release|Any CPU
		{0A191B02-2956-4BA6-91A7-7679683EE76A}.Release|x64.ActiveCfg = Release|Any CPU
		{0A191B02-2956-4BA6-91A7-7679683EE76A}.Release|x64.Build.0 = Release|Any CPU
		{0A191B02-2956-4BA6-91A7-7679683EE76A}.Release|x86.ActiveCfg = Release|Any CPU
		{0A191B02-2956-4BA6-91A7-7679683EE76A}.Release|x86.Build.0 = Release|Any CPU
		{68096ADB-5356-427B-8972-E93A22054765}.Debug|Any CPU.ActiveCfg = Debug|Any CPU
		{68096ADB-5356-427B-8972-E93A22054765}.Debug|Any CPU.Build.0 = Debug|Any CPU
		{68096ADB-5356-427B-8972-E93A22054765}.Debug|x64.ActiveCfg = Debug|Any CPU
		{68096ADB-5356-427B-8972-E93A22054765}.Debug|x64.Build.0 = Debug|Any CPU
		{68096ADB-5356-427B-8972-E93A22054765}.Debug|x86.ActiveCfg = Debug|Any CPU
		{68096ADB-5356-427B-8972-E93A22054765}.Debug|x86.Build.0 = Debug|Any CPU
		{68096ADB-5356-427B-8972-E93A22054765}.Release|Any CPU.ActiveCfg = Release|Any CPU
		{68096ADB-5356-427B-8972-E93A22054765}.Release|Any CPU.Build.0 = Release|Any CPU
		{68096ADB-5356-427B-8972-E93A22054765}.Release|x64.ActiveCfg = Release|Any CPU
		{68096ADB-5356-427B-8972-E93A22054765}.Release|x64.Build.0 = Release|Any CPU
		{68096ADB-5356-427B-8972-E93A22054765}.Release|x86.ActiveCfg = Release|Any CPU
		{68096ADB-5356-427B-8972-E93A22054765}.Release|x86.Build.0 = Release|Any CPU
		{A22D9FBF-5A4A-4CF6-BE1C-88015CCDCFA7}.Debug|Any CPU.ActiveCfg = Debug|Any CPU
		{A22D9FBF-5A4A-4CF6-BE1C-88015CCDCFA7}.Debug|Any CPU.Build.0 = Debug|Any CPU
		{A22D9FBF-5A4A-4CF6-BE1C-88015CCDCFA7}.Debug|x64.ActiveCfg = Debug|Any CPU
		{A22D9FBF-5A4A-4CF6-BE1C-88015CCDCFA7}.Debug|x64.Build.0 = Debug|Any CPU
		{A22D9FBF-5A4A-4CF6-BE1C-88015CCDCFA7}.Debug|x86.ActiveCfg = Debug|Any CPU
		{A22D9FBF-5A4A-4CF6-BE1C-88015CCDCFA7}.Debug|x86.Build.0 = Debug|Any CPU
		{A22D9FBF-5A4A-4CF6-BE1C-88015CCDCFA7}.Release|Any CPU.ActiveCfg = Release|Any CPU
		{A22D9FBF-5A4A-4CF6-BE1C-88015CCDCFA7}.Release|Any CPU.Build.0 = Release|Any CPU
		{A22D9FBF-5A4A-4CF6-BE1C-88015CCDCFA7}.Release|x64.ActiveCfg = Release|Any CPU
		{A22D9FBF-5A4A-4CF6-BE1C-88015CCDCFA7}.Release|x64.Build.0 = Release|Any CPU
		{A22D9FBF-5A4A-4CF6-BE1C-88015CCDCFA7}.Release|x86.ActiveCfg = Release|Any CPU
		{A22D9FBF-5A4A-4CF6-BE1C-88015CCDCFA7}.Release|x86.Build.0 = Release|Any CPU
		{6BF6B0C0-5DF2-4365-917A-ECE4C902C6C2}.Debug|Any CPU.ActiveCfg = Debug|Any CPU
		{6BF6B0C0-5DF2-4365-917A-ECE4C902C6C2}.Debug|Any CPU.Build.0 = Debug|Any CPU
		{6BF6B0C0-5DF2-4365-917A-ECE4C902C6C2}.Debug|x64.ActiveCfg = Debug|Any CPU
		{6BF6B0C0-5DF2-4365-917A-ECE4C902C6C2}.Debug|x64.Build.0 = Debug|Any CPU
		{6BF6B0C0-5DF2-4365-917A-ECE4C902C6C2}.Debug|x86.ActiveCfg = Debug|Any CPU
		{6BF6B0C0-5DF2-4365-917A-ECE4C902C6C2}.Debug|x86.Build.0 = Debug|Any CPU
		{6BF6B0C0-5DF2-4365-917A-ECE4C902C6C2}.Release|Any CPU.ActiveCfg = Release|Any CPU
		{6BF6B0C0-5DF2-4365-917A-ECE4C902C6C2}.Release|Any CPU.Build.0 = Release|Any CPU
		{6BF6B0C0-5DF2-4365-917A-ECE4C902C6C2}.Release|x64.ActiveCfg = Release|Any CPU
		{6BF6B0C0-5DF2-4365-917A-ECE4C902C6C2}.Release|x64.Build.0 = Release|Any CPU
		{6BF6B0C0-5DF2-4365-917A-ECE4C902C6C2}.Release|x86.ActiveCfg = Release|Any CPU
		{6BF6B0C0-5DF2-4365-917A-ECE4C902C6C2}.Release|x86.Build.0 = Release|Any CPU
		{142D3CB5-61E1-4B9A-AC7B-CB6DEEE3E100}.Debug|Any CPU.ActiveCfg = Debug|Any CPU
		{142D3CB5-61E1-4B9A-AC7B-CB6DEEE3E100}.Debug|Any CPU.Build.0 = Debug|Any CPU
		{142D3CB5-61E1-4B9A-AC7B-CB6DEEE3E100}.Debug|x64.ActiveCfg = Debug|Any CPU
		{142D3CB5-61E1-4B9A-AC7B-CB6DEEE3E100}.Debug|x64.Build.0 = Debug|Any CPU
		{142D3CB5-61E1-4B9A-AC7B-CB6DEEE3E100}.Debug|x86.ActiveCfg = Debug|Any CPU
		{142D3CB5-61E1-4B9A-AC7B-CB6DEEE3E100}.Debug|x86.Build.0 = Debug|Any CPU
		{142D3CB5-61E1-4B9A-AC7B-CB6DEEE3E100}.Release|Any CPU.ActiveCfg = Release|Any CPU
		{142D3CB5-61E1-4B9A-AC7B-CB6DEEE3E100}.Release|Any CPU.Build.0 = Release|Any CPU
		{142D3CB5-61E1-4B9A-AC7B-CB6DEEE3E100}.Release|x64.ActiveCfg = Release|Any CPU
		{142D3CB5-61E1-4B9A-AC7B-CB6DEEE3E100}.Release|x64.Build.0 = Release|Any CPU
		{142D3CB5-61E1-4B9A-AC7B-CB6DEEE3E100}.Release|x86.ActiveCfg = Release|Any CPU
		{142D3CB5-61E1-4B9A-AC7B-CB6DEEE3E100}.Release|x86.Build.0 = Release|Any CPU
		{68FC3219-5E8F-4A0B-9AD4-98EEBC88F6FA}.Debug|Any CPU.ActiveCfg = Debug|Any CPU
		{68FC3219-5E8F-4A0B-9AD4-98EEBC88F6FA}.Debug|Any CPU.Build.0 = Debug|Any CPU
		{68FC3219-5E8F-4A0B-9AD4-98EEBC88F6FA}.Debug|x64.ActiveCfg = Debug|Any CPU
		{68FC3219-5E8F-4A0B-9AD4-98EEBC88F6FA}.Debug|x64.Build.0 = Debug|Any CPU
		{68FC3219-5E8F-4A0B-9AD4-98EEBC88F6FA}.Debug|x86.ActiveCfg = Debug|Any CPU
		{68FC3219-5E8F-4A0B-9AD4-98EEBC88F6FA}.Debug|x86.Build.0 = Debug|Any CPU
		{68FC3219-5E8F-4A0B-9AD4-98EEBC88F6FA}.Release|Any CPU.ActiveCfg = Release|Any CPU
		{68FC3219-5E8F-4A0B-9AD4-98EEBC88F6FA}.Release|Any CPU.Build.0 = Release|Any CPU
		{68FC3219-5E8F-4A0B-9AD4-98EEBC88F6FA}.Release|x64.ActiveCfg = Release|Any CPU
		{68FC3219-5E8F-4A0B-9AD4-98EEBC88F6FA}.Release|x64.Build.0 = Release|Any CPU
		{68FC3219-5E8F-4A0B-9AD4-98EEBC88F6FA}.Release|x86.ActiveCfg = Release|Any CPU
		{68FC3219-5E8F-4A0B-9AD4-98EEBC88F6FA}.Release|x86.Build.0 = Release|Any CPU
		{B844E371-2CF5-4338-95CD-78319256F30D}.Debug|Any CPU.ActiveCfg = Debug|Any CPU
		{B844E371-2CF5-4338-95CD-78319256F30D}.Debug|Any CPU.Build.0 = Debug|Any CPU
		{B844E371-2CF5-4338-95CD-78319256F30D}.Debug|x64.ActiveCfg = Debug|Any CPU
		{B844E371-2CF5-4338-95CD-78319256F30D}.Debug|x64.Build.0 = Debug|Any CPU
		{B844E371-2CF5-4338-95CD-78319256F30D}.Debug|x86.ActiveCfg = Debug|Any CPU
		{B844E371-2CF5-4338-95CD-78319256F30D}.Debug|x86.Build.0 = Debug|Any CPU
		{B844E371-2CF5-4338-95CD-78319256F30D}.Release|Any CPU.ActiveCfg = Release|Any CPU
		{B844E371-2CF5-4338-95CD-78319256F30D}.Release|Any CPU.Build.0 = Release|Any CPU
		{B844E371-2CF5-4338-95CD-78319256F30D}.Release|x64.ActiveCfg = Release|Any CPU
		{B844E371-2CF5-4338-95CD-78319256F30D}.Release|x64.Build.0 = Release|Any CPU
		{B844E371-2CF5-4338-95CD-78319256F30D}.Release|x86.ActiveCfg = Release|Any CPU
		{B844E371-2CF5-4338-95CD-78319256F30D}.Release|x86.Build.0 = Release|Any CPU
		{92FECECC-B5EF-4F65-BB50-A01063BDFAEE}.Debug|Any CPU.ActiveCfg = Debug|Any CPU
		{92FECECC-B5EF-4F65-BB50-A01063BDFAEE}.Debug|Any CPU.Build.0 = Debug|Any CPU
		{92FECECC-B5EF-4F65-BB50-A01063BDFAEE}.Debug|x64.ActiveCfg = Debug|Any CPU
		{92FECECC-B5EF-4F65-BB50-A01063BDFAEE}.Debug|x64.Build.0 = Debug|Any CPU
		{92FECECC-B5EF-4F65-BB50-A01063BDFAEE}.Debug|x86.ActiveCfg = Debug|Any CPU
		{92FECECC-B5EF-4F65-BB50-A01063BDFAEE}.Debug|x86.Build.0 = Debug|Any CPU
		{92FECECC-B5EF-4F65-BB50-A01063BDFAEE}.Release|Any CPU.ActiveCfg = Release|Any CPU
		{92FECECC-B5EF-4F65-BB50-A01063BDFAEE}.Release|Any CPU.Build.0 = Release|Any CPU
		{92FECECC-B5EF-4F65-BB50-A01063BDFAEE}.Release|x64.ActiveCfg = Release|Any CPU
		{92FECECC-B5EF-4F65-BB50-A01063BDFAEE}.Release|x64.Build.0 = Release|Any CPU
		{92FECECC-B5EF-4F65-BB50-A01063BDFAEE}.Release|x86.ActiveCfg = Release|Any CPU
		{92FECECC-B5EF-4F65-BB50-A01063BDFAEE}.Release|x86.Build.0 = Release|Any CPU
		{9A444D6B-3123-4C09-8E51-6FB86C5D0687}.Debug|Any CPU.ActiveCfg = Debug|Any CPU
		{9A444D6B-3123-4C09-8E51-6FB86C5D0687}.Debug|Any CPU.Build.0 = Debug|Any CPU
		{9A444D6B-3123-4C09-8E51-6FB86C5D0687}.Debug|x64.ActiveCfg = Debug|Any CPU
		{9A444D6B-3123-4C09-8E51-6FB86C5D0687}.Debug|x64.Build.0 = Debug|Any CPU
		{9A444D6B-3123-4C09-8E51-6FB86C5D0687}.Debug|x86.ActiveCfg = Debug|Any CPU
		{9A444D6B-3123-4C09-8E51-6FB86C5D0687}.Debug|x86.Build.0 = Debug|Any CPU
		{9A444D6B-3123-4C09-8E51-6FB86C5D0687}.Release|Any CPU.ActiveCfg = Release|Any CPU
		{9A444D6B-3123-4C09-8E51-6FB86C5D0687}.Release|Any CPU.Build.0 = Release|Any CPU
		{9A444D6B-3123-4C09-8E51-6FB86C5D0687}.Release|x64.ActiveCfg = Release|Any CPU
		{9A444D6B-3123-4C09-8E51-6FB86C5D0687}.Release|x64.Build.0 = Release|Any CPU
		{9A444D6B-3123-4C09-8E51-6FB86C5D0687}.Release|x86.ActiveCfg = Release|Any CPU
		{9A444D6B-3123-4C09-8E51-6FB86C5D0687}.Release|x86.Build.0 = Release|Any CPU
		{0DABB6AF-A3FC-43BB-B413-B8CA7D46CD95}.Debug|Any CPU.ActiveCfg = Debug|Any CPU
		{0DABB6AF-A3FC-43BB-B413-B8CA7D46CD95}.Debug|Any CPU.Build.0 = Debug|Any CPU
		{0DABB6AF-A3FC-43BB-B413-B8CA7D46CD95}.Debug|x64.ActiveCfg = Debug|Any CPU
		{0DABB6AF-A3FC-43BB-B413-B8CA7D46CD95}.Debug|x64.Build.0 = Debug|Any CPU
		{0DABB6AF-A3FC-43BB-B413-B8CA7D46CD95}.Debug|x86.ActiveCfg = Debug|Any CPU
		{0DABB6AF-A3FC-43BB-B413-B8CA7D46CD95}.Debug|x86.Build.0 = Debug|Any CPU
		{0DABB6AF-A3FC-43BB-B413-B8CA7D46CD95}.Release|Any CPU.ActiveCfg = Release|Any CPU
		{0DABB6AF-A3FC-43BB-B413-B8CA7D46CD95}.Release|Any CPU.Build.0 = Release|Any CPU
		{0DABB6AF-A3FC-43BB-B413-B8CA7D46CD95}.Release|x64.ActiveCfg = Release|Any CPU
		{0DABB6AF-A3FC-43BB-B413-B8CA7D46CD95}.Release|x64.Build.0 = Release|Any CPU
		{0DABB6AF-A3FC-43BB-B413-B8CA7D46CD95}.Release|x86.ActiveCfg = Release|Any CPU
		{0DABB6AF-A3FC-43BB-B413-B8CA7D46CD95}.Release|x86.Build.0 = Release|Any CPU
		{FEBE79E8-B152-4185-9302-4EB2EFD9470E}.Debug|Any CPU.ActiveCfg = Debug|Any CPU
		{FEBE79E8-B152-4185-9302-4EB2EFD9470E}.Debug|Any CPU.Build.0 = Debug|Any CPU
		{FEBE79E8-B152-4185-9302-4EB2EFD9470E}.Debug|x64.ActiveCfg = Debug|Any CPU
		{FEBE79E8-B152-4185-9302-4EB2EFD9470E}.Debug|x64.Build.0 = Debug|Any CPU
		{FEBE79E8-B152-4185-9302-4EB2EFD9470E}.Debug|x86.ActiveCfg = Debug|Any CPU
		{FEBE79E8-B152-4185-9302-4EB2EFD9470E}.Debug|x86.Build.0 = Debug|Any CPU
		{FEBE79E8-B152-4185-9302-4EB2EFD9470E}.Release|Any CPU.ActiveCfg = Release|Any CPU
		{FEBE79E8-B152-4185-9302-4EB2EFD9470E}.Release|Any CPU.Build.0 = Release|Any CPU
		{FEBE79E8-B152-4185-9302-4EB2EFD9470E}.Release|x64.ActiveCfg = Release|Any CPU
		{FEBE79E8-B152-4185-9302-4EB2EFD9470E}.Release|x64.Build.0 = Release|Any CPU
		{FEBE79E8-B152-4185-9302-4EB2EFD9470E}.Release|x86.ActiveCfg = Release|Any CPU
		{FEBE79E8-B152-4185-9302-4EB2EFD9470E}.Release|x86.Build.0 = Release|Any CPU
		{96283EA3-9899-440B-BFFB-F04536061212}.Debug|Any CPU.ActiveCfg = Debug|Any CPU
		{96283EA3-9899-440B-BFFB-F04536061212}.Debug|Any CPU.Build.0 = Debug|Any CPU
		{96283EA3-9899-440B-BFFB-F04536061212}.Debug|x64.ActiveCfg = Debug|Any CPU
		{96283EA3-9899-440B-BFFB-F04536061212}.Debug|x64.Build.0 = Debug|Any CPU
		{96283EA3-9899-440B-BFFB-F04536061212}.Debug|x86.ActiveCfg = Debug|Any CPU
		{96283EA3-9899-440B-BFFB-F04536061212}.Debug|x86.Build.0 = Debug|Any CPU
		{96283EA3-9899-440B-BFFB-F04536061212}.Release|Any CPU.ActiveCfg = Release|Any CPU
		{96283EA3-9899-440B-BFFB-F04536061212}.Release|Any CPU.Build.0 = Release|Any CPU
		{96283EA3-9899-440B-BFFB-F04536061212}.Release|x64.ActiveCfg = Release|Any CPU
		{96283EA3-9899-440B-BFFB-F04536061212}.Release|x64.Build.0 = Release|Any CPU
		{96283EA3-9899-440B-BFFB-F04536061212}.Release|x86.ActiveCfg = Release|Any CPU
		{96283EA3-9899-440B-BFFB-F04536061212}.Release|x86.Build.0 = Release|Any CPU
		{16A4274B-A876-4B02-A69E-5D2099BA5C5B}.Debug|Any CPU.ActiveCfg = Debug|Any CPU
		{16A4274B-A876-4B02-A69E-5D2099BA5C5B}.Debug|Any CPU.Build.0 = Debug|Any CPU
		{16A4274B-A876-4B02-A69E-5D2099BA5C5B}.Debug|x64.ActiveCfg = Debug|Any CPU
		{16A4274B-A876-4B02-A69E-5D2099BA5C5B}.Debug|x64.Build.0 = Debug|Any CPU
		{16A4274B-A876-4B02-A69E-5D2099BA5C5B}.Debug|x86.ActiveCfg = Debug|Any CPU
		{16A4274B-A876-4B02-A69E-5D2099BA5C5B}.Debug|x86.Build.0 = Debug|Any CPU
		{16A4274B-A876-4B02-A69E-5D2099BA5C5B}.Release|Any CPU.ActiveCfg = Release|Any CPU
		{16A4274B-A876-4B02-A69E-5D2099BA5C5B}.Release|Any CPU.Build.0 = Release|Any CPU
		{16A4274B-A876-4B02-A69E-5D2099BA5C5B}.Release|x64.ActiveCfg = Release|Any CPU
		{16A4274B-A876-4B02-A69E-5D2099BA5C5B}.Release|x64.Build.0 = Release|Any CPU
		{16A4274B-A876-4B02-A69E-5D2099BA5C5B}.Release|x86.ActiveCfg = Release|Any CPU
		{16A4274B-A876-4B02-A69E-5D2099BA5C5B}.Release|x86.Build.0 = Release|Any CPU
		{837B9D26-2DAD-4652-AC3F-61F970AD2EC1}.Debug|Any CPU.ActiveCfg = Debug|Any CPU
		{837B9D26-2DAD-4652-AC3F-61F970AD2EC1}.Debug|Any CPU.Build.0 = Debug|Any CPU
		{837B9D26-2DAD-4652-AC3F-61F970AD2EC1}.Debug|x64.ActiveCfg = Debug|Any CPU
		{837B9D26-2DAD-4652-AC3F-61F970AD2EC1}.Debug|x64.Build.0 = Debug|Any CPU
		{837B9D26-2DAD-4652-AC3F-61F970AD2EC1}.Debug|x86.ActiveCfg = Debug|Any CPU
		{837B9D26-2DAD-4652-AC3F-61F970AD2EC1}.Debug|x86.Build.0 = Debug|Any CPU
		{837B9D26-2DAD-4652-AC3F-61F970AD2EC1}.Release|Any CPU.ActiveCfg = Release|Any CPU
		{837B9D26-2DAD-4652-AC3F-61F970AD2EC1}.Release|Any CPU.Build.0 = Release|Any CPU
		{837B9D26-2DAD-4652-AC3F-61F970AD2EC1}.Release|x64.ActiveCfg = Release|Any CPU
		{837B9D26-2DAD-4652-AC3F-61F970AD2EC1}.Release|x64.Build.0 = Release|Any CPU
		{837B9D26-2DAD-4652-AC3F-61F970AD2EC1}.Release|x86.ActiveCfg = Release|Any CPU
		{837B9D26-2DAD-4652-AC3F-61F970AD2EC1}.Release|x86.Build.0 = Release|Any CPU
		{A0815070-D022-496F-AC97-EE87FAD76478}.Debug|Any CPU.ActiveCfg = Debug|Any CPU
		{A0815070-D022-496F-AC97-EE87FAD76478}.Debug|Any CPU.Build.0 = Debug|Any CPU
		{A0815070-D022-496F-AC97-EE87FAD76478}.Debug|x64.ActiveCfg = Debug|Any CPU
		{A0815070-D022-496F-AC97-EE87FAD76478}.Debug|x64.Build.0 = Debug|Any CPU
		{A0815070-D022-496F-AC97-EE87FAD76478}.Debug|x86.ActiveCfg = Debug|Any CPU
		{A0815070-D022-496F-AC97-EE87FAD76478}.Debug|x86.Build.0 = Debug|Any CPU
		{A0815070-D022-496F-AC97-EE87FAD76478}.Release|Any CPU.ActiveCfg = Release|Any CPU
		{A0815070-D022-496F-AC97-EE87FAD76478}.Release|Any CPU.Build.0 = Release|Any CPU
		{A0815070-D022-496F-AC97-EE87FAD76478}.Release|x64.ActiveCfg = Release|Any CPU
		{A0815070-D022-496F-AC97-EE87FAD76478}.Release|x64.Build.0 = Release|Any CPU
		{A0815070-D022-496F-AC97-EE87FAD76478}.Release|x86.ActiveCfg = Release|Any CPU
		{A0815070-D022-496F-AC97-EE87FAD76478}.Release|x86.Build.0 = Release|Any CPU
		{28DE633D-2CBE-439A-B765-181D9A7A20A3}.Debug|Any CPU.ActiveCfg = Debug|Any CPU
		{28DE633D-2CBE-439A-B765-181D9A7A20A3}.Debug|Any CPU.Build.0 = Debug|Any CPU
		{28DE633D-2CBE-439A-B765-181D9A7A20A3}.Debug|x64.ActiveCfg = Debug|Any CPU
		{28DE633D-2CBE-439A-B765-181D9A7A20A3}.Debug|x64.Build.0 = Debug|Any CPU
		{28DE633D-2CBE-439A-B765-181D9A7A20A3}.Debug|x86.ActiveCfg = Debug|Any CPU
		{28DE633D-2CBE-439A-B765-181D9A7A20A3}.Debug|x86.Build.0 = Debug|Any CPU
		{28DE633D-2CBE-439A-B765-181D9A7A20A3}.Release|Any CPU.ActiveCfg = Release|Any CPU
		{28DE633D-2CBE-439A-B765-181D9A7A20A3}.Release|Any CPU.Build.0 = Release|Any CPU
		{28DE633D-2CBE-439A-B765-181D9A7A20A3}.Release|x64.ActiveCfg = Release|Any CPU
		{28DE633D-2CBE-439A-B765-181D9A7A20A3}.Release|x64.Build.0 = Release|Any CPU
		{28DE633D-2CBE-439A-B765-181D9A7A20A3}.Release|x86.ActiveCfg = Release|Any CPU
		{28DE633D-2CBE-439A-B765-181D9A7A20A3}.Release|x86.Build.0 = Release|Any CPU
		{20DE3AA6-5776-45A1-A753-00752806AA3A}.Debug|Any CPU.ActiveCfg = Debug|Any CPU
		{20DE3AA6-5776-45A1-A753-00752806AA3A}.Debug|Any CPU.Build.0 = Debug|Any CPU
		{20DE3AA6-5776-45A1-A753-00752806AA3A}.Debug|x64.ActiveCfg = Debug|Any CPU
		{20DE3AA6-5776-45A1-A753-00752806AA3A}.Debug|x64.Build.0 = Debug|Any CPU
		{20DE3AA6-5776-45A1-A753-00752806AA3A}.Debug|x86.ActiveCfg = Debug|Any CPU
		{20DE3AA6-5776-45A1-A753-00752806AA3A}.Debug|x86.Build.0 = Debug|Any CPU
		{20DE3AA6-5776-45A1-A753-00752806AA3A}.Release|Any CPU.ActiveCfg = Release|Any CPU
		{20DE3AA6-5776-45A1-A753-00752806AA3A}.Release|Any CPU.Build.0 = Release|Any CPU
		{20DE3AA6-5776-45A1-A753-00752806AA3A}.Release|x64.ActiveCfg = Release|Any CPU
		{20DE3AA6-5776-45A1-A753-00752806AA3A}.Release|x64.Build.0 = Release|Any CPU
		{20DE3AA6-5776-45A1-A753-00752806AA3A}.Release|x86.ActiveCfg = Release|Any CPU
		{20DE3AA6-5776-45A1-A753-00752806AA3A}.Release|x86.Build.0 = Release|Any CPU
		{A48E380F-290A-4545-80C3-91DC00868E0D}.Debug|Any CPU.ActiveCfg = Debug|Any CPU
		{A48E380F-290A-4545-80C3-91DC00868E0D}.Debug|Any CPU.Build.0 = Debug|Any CPU
		{A48E380F-290A-4545-80C3-91DC00868E0D}.Debug|x64.ActiveCfg = Debug|Any CPU
		{A48E380F-290A-4545-80C3-91DC00868E0D}.Debug|x64.Build.0 = Debug|Any CPU
		{A48E380F-290A-4545-80C3-91DC00868E0D}.Debug|x86.ActiveCfg = Debug|Any CPU
		{A48E380F-290A-4545-80C3-91DC00868E0D}.Debug|x86.Build.0 = Debug|Any CPU
		{A48E380F-290A-4545-80C3-91DC00868E0D}.Release|Any CPU.ActiveCfg = Release|Any CPU
		{A48E380F-290A-4545-80C3-91DC00868E0D}.Release|Any CPU.Build.0 = Release|Any CPU
		{A48E380F-290A-4545-80C3-91DC00868E0D}.Release|x64.ActiveCfg = Release|Any CPU
		{A48E380F-290A-4545-80C3-91DC00868E0D}.Release|x64.Build.0 = Release|Any CPU
		{A48E380F-290A-4545-80C3-91DC00868E0D}.Release|x86.ActiveCfg = Release|Any CPU
		{A48E380F-290A-4545-80C3-91DC00868E0D}.Release|x86.Build.0 = Release|Any CPU
		{61AC672B-729D-475E-B508-2D0CA0954337}.Debug|Any CPU.ActiveCfg = Debug|Any CPU
		{61AC672B-729D-475E-B508-2D0CA0954337}.Debug|Any CPU.Build.0 = Debug|Any CPU
		{61AC672B-729D-475E-B508-2D0CA0954337}.Debug|x64.ActiveCfg = Debug|Any CPU
		{61AC672B-729D-475E-B508-2D0CA0954337}.Debug|x64.Build.0 = Debug|Any CPU
		{61AC672B-729D-475E-B508-2D0CA0954337}.Debug|x86.ActiveCfg = Debug|Any CPU
		{61AC672B-729D-475E-B508-2D0CA0954337}.Debug|x86.Build.0 = Debug|Any CPU
		{61AC672B-729D-475E-B508-2D0CA0954337}.Release|Any CPU.ActiveCfg = Release|Any CPU
		{61AC672B-729D-475E-B508-2D0CA0954337}.Release|Any CPU.Build.0 = Release|Any CPU
		{61AC672B-729D-475E-B508-2D0CA0954337}.Release|x64.ActiveCfg = Release|Any CPU
		{61AC672B-729D-475E-B508-2D0CA0954337}.Release|x64.Build.0 = Release|Any CPU
		{61AC672B-729D-475E-B508-2D0CA0954337}.Release|x86.ActiveCfg = Release|Any CPU
		{61AC672B-729D-475E-B508-2D0CA0954337}.Release|x86.Build.0 = Release|Any CPU
		{5ACCB023-2DB4-4452-87A5-A626A4DE1068}.Debug|Any CPU.ActiveCfg = Debug|Any CPU
		{5ACCB023-2DB4-4452-87A5-A626A4DE1068}.Debug|Any CPU.Build.0 = Debug|Any CPU
		{5ACCB023-2DB4-4452-87A5-A626A4DE1068}.Debug|x64.ActiveCfg = Debug|Any CPU
		{5ACCB023-2DB4-4452-87A5-A626A4DE1068}.Debug|x64.Build.0 = Debug|Any CPU
		{5ACCB023-2DB4-4452-87A5-A626A4DE1068}.Debug|x86.ActiveCfg = Debug|Any CPU
		{5ACCB023-2DB4-4452-87A5-A626A4DE1068}.Debug|x86.Build.0 = Debug|Any CPU
		{5ACCB023-2DB4-4452-87A5-A626A4DE1068}.Release|Any CPU.ActiveCfg = Release|Any CPU
		{5ACCB023-2DB4-4452-87A5-A626A4DE1068}.Release|Any CPU.Build.0 = Release|Any CPU
		{5ACCB023-2DB4-4452-87A5-A626A4DE1068}.Release|x64.ActiveCfg = Release|Any CPU
		{5ACCB023-2DB4-4452-87A5-A626A4DE1068}.Release|x64.Build.0 = Release|Any CPU
		{5ACCB023-2DB4-4452-87A5-A626A4DE1068}.Release|x86.ActiveCfg = Release|Any CPU
		{5ACCB023-2DB4-4452-87A5-A626A4DE1068}.Release|x86.Build.0 = Release|Any CPU
		{1AA8F5F8-AC2A-47AE-AF02-53C329A2B1BB}.Debug|Any CPU.ActiveCfg = Debug|Any CPU
		{1AA8F5F8-AC2A-47AE-AF02-53C329A2B1BB}.Debug|Any CPU.Build.0 = Debug|Any CPU
		{1AA8F5F8-AC2A-47AE-AF02-53C329A2B1BB}.Debug|x64.ActiveCfg = Debug|Any CPU
		{1AA8F5F8-AC2A-47AE-AF02-53C329A2B1BB}.Debug|x64.Build.0 = Debug|Any CPU
		{1AA8F5F8-AC2A-47AE-AF02-53C329A2B1BB}.Debug|x86.ActiveCfg = Debug|Any CPU
		{1AA8F5F8-AC2A-47AE-AF02-53C329A2B1BB}.Debug|x86.Build.0 = Debug|Any CPU
		{1AA8F5F8-AC2A-47AE-AF02-53C329A2B1BB}.Release|Any CPU.ActiveCfg = Release|Any CPU
		{1AA8F5F8-AC2A-47AE-AF02-53C329A2B1BB}.Release|Any CPU.Build.0 = Release|Any CPU
		{1AA8F5F8-AC2A-47AE-AF02-53C329A2B1BB}.Release|x64.ActiveCfg = Release|Any CPU
		{1AA8F5F8-AC2A-47AE-AF02-53C329A2B1BB}.Release|x64.Build.0 = Release|Any CPU
		{1AA8F5F8-AC2A-47AE-AF02-53C329A2B1BB}.Release|x86.ActiveCfg = Release|Any CPU
		{1AA8F5F8-AC2A-47AE-AF02-53C329A2B1BB}.Release|x86.Build.0 = Release|Any CPU
		{88AC1D30-B4DE-41B6-94AD-063CB81B6502}.Debug|Any CPU.ActiveCfg = Debug|Any CPU
		{88AC1D30-B4DE-41B6-94AD-063CB81B6502}.Debug|Any CPU.Build.0 = Debug|Any CPU
		{88AC1D30-B4DE-41B6-94AD-063CB81B6502}.Debug|x64.ActiveCfg = Debug|Any CPU
		{88AC1D30-B4DE-41B6-94AD-063CB81B6502}.Debug|x64.Build.0 = Debug|Any CPU
		{88AC1D30-B4DE-41B6-94AD-063CB81B6502}.Debug|x86.ActiveCfg = Debug|Any CPU
		{88AC1D30-B4DE-41B6-94AD-063CB81B6502}.Debug|x86.Build.0 = Debug|Any CPU
		{88AC1D30-B4DE-41B6-94AD-063CB81B6502}.Release|Any CPU.ActiveCfg = Release|Any CPU
		{88AC1D30-B4DE-41B6-94AD-063CB81B6502}.Release|Any CPU.Build.0 = Release|Any CPU
		{88AC1D30-B4DE-41B6-94AD-063CB81B6502}.Release|x64.ActiveCfg = Release|Any CPU
		{88AC1D30-B4DE-41B6-94AD-063CB81B6502}.Release|x64.Build.0 = Release|Any CPU
		{88AC1D30-B4DE-41B6-94AD-063CB81B6502}.Release|x86.ActiveCfg = Release|Any CPU
		{88AC1D30-B4DE-41B6-94AD-063CB81B6502}.Release|x86.Build.0 = Release|Any CPU
		{22BCD51A-F339-425B-909D-E33A853187EC}.Debug|Any CPU.ActiveCfg = Debug|Any CPU
		{22BCD51A-F339-425B-909D-E33A853187EC}.Debug|Any CPU.Build.0 = Debug|Any CPU
		{22BCD51A-F339-425B-909D-E33A853187EC}.Debug|x64.ActiveCfg = Debug|Any CPU
		{22BCD51A-F339-425B-909D-E33A853187EC}.Debug|x64.Build.0 = Debug|Any CPU
		{22BCD51A-F339-425B-909D-E33A853187EC}.Debug|x86.ActiveCfg = Debug|Any CPU
		{22BCD51A-F339-425B-909D-E33A853187EC}.Debug|x86.Build.0 = Debug|Any CPU
		{22BCD51A-F339-425B-909D-E33A853187EC}.Release|Any CPU.ActiveCfg = Release|Any CPU
		{22BCD51A-F339-425B-909D-E33A853187EC}.Release|Any CPU.Build.0 = Release|Any CPU
		{22BCD51A-F339-425B-909D-E33A853187EC}.Release|x64.ActiveCfg = Release|Any CPU
		{22BCD51A-F339-425B-909D-E33A853187EC}.Release|x64.Build.0 = Release|Any CPU
		{22BCD51A-F339-425B-909D-E33A853187EC}.Release|x86.ActiveCfg = Release|Any CPU
		{22BCD51A-F339-425B-909D-E33A853187EC}.Release|x86.Build.0 = Release|Any CPU
		{438B0529-6E3C-4852-B5C1-3FD2E87B847B}.Debug|Any CPU.ActiveCfg = Debug|Any CPU
		{438B0529-6E3C-4852-B5C1-3FD2E87B847B}.Debug|Any CPU.Build.0 = Debug|Any CPU
		{438B0529-6E3C-4852-B5C1-3FD2E87B847B}.Debug|x64.ActiveCfg = Debug|Any CPU
		{438B0529-6E3C-4852-B5C1-3FD2E87B847B}.Debug|x64.Build.0 = Debug|Any CPU
		{438B0529-6E3C-4852-B5C1-3FD2E87B847B}.Debug|x86.ActiveCfg = Debug|Any CPU
		{438B0529-6E3C-4852-B5C1-3FD2E87B847B}.Debug|x86.Build.0 = Debug|Any CPU
		{438B0529-6E3C-4852-B5C1-3FD2E87B847B}.Release|Any CPU.ActiveCfg = Release|Any CPU
		{438B0529-6E3C-4852-B5C1-3FD2E87B847B}.Release|Any CPU.Build.0 = Release|Any CPU
		{438B0529-6E3C-4852-B5C1-3FD2E87B847B}.Release|x64.ActiveCfg = Release|Any CPU
		{438B0529-6E3C-4852-B5C1-3FD2E87B847B}.Release|x64.Build.0 = Release|Any CPU
		{438B0529-6E3C-4852-B5C1-3FD2E87B847B}.Release|x86.ActiveCfg = Release|Any CPU
		{438B0529-6E3C-4852-B5C1-3FD2E87B847B}.Release|x86.Build.0 = Release|Any CPU
	EndGlobalSection
	GlobalSection(SolutionProperties) = preSolution
		HideSolutionNode = FALSE
	EndGlobalSection
	GlobalSection(NestedProjects) = preSolution
		{96BFA506-61CC-49D1-B774-ECF759748466} = {CA253913-39DE-BFD0-C9A3-4B7EC6FBDF17}
		{0A191B02-2956-4BA6-91A7-7679683EE76A} = {CA253913-39DE-BFD0-C9A3-4B7EC6FBDF17}
		{68096ADB-5356-427B-8972-E93A22054765} = {CA253913-39DE-BFD0-C9A3-4B7EC6FBDF17}
		{A22D9FBF-5A4A-4CF6-BE1C-88015CCDCFA7} = {CA253913-39DE-BFD0-C9A3-4B7EC6FBDF17}
		{6BF6B0C0-5DF2-4365-917A-ECE4C902C6C2} = {CA253913-39DE-BFD0-C9A3-4B7EC6FBDF17}
		{142D3CB5-61E1-4B9A-AC7B-CB6DEEE3E100} = {CA253913-39DE-BFD0-C9A3-4B7EC6FBDF17}
		{68FC3219-5E8F-4A0B-9AD4-98EEBC88F6FA} = {CA253913-39DE-BFD0-C9A3-4B7EC6FBDF17}
		{B844E371-2CF5-4338-95CD-78319256F30D} = {CA253913-39DE-BFD0-C9A3-4B7EC6FBDF17}
		{92FECECC-B5EF-4F65-BB50-A01063BDFAEE} = {CA253913-39DE-BFD0-C9A3-4B7EC6FBDF17}
		{9A444D6B-3123-4C09-8E51-6FB86C5D0687} = {CA253913-39DE-BFD0-C9A3-4B7EC6FBDF17}
		{0DABB6AF-A3FC-43BB-B413-B8CA7D46CD95} = {CA253913-39DE-BFD0-C9A3-4B7EC6FBDF17}
		{FEBE79E8-B152-4185-9302-4EB2EFD9470E} = {CA253913-39DE-BFD0-C9A3-4B7EC6FBDF17}
		{96283EA3-9899-440B-BFFB-F04536061212} = {CA253913-39DE-BFD0-C9A3-4B7EC6FBDF17}
		{16A4274B-A876-4B02-A69E-5D2099BA5C5B} = {CA253913-39DE-BFD0-C9A3-4B7EC6FBDF17}
		{837B9D26-2DAD-4652-AC3F-61F970AD2EC1} = {CA253913-39DE-BFD0-C9A3-4B7EC6FBDF17}
		{A0815070-D022-496F-AC97-EE87FAD76478} = {CA253913-39DE-BFD0-C9A3-4B7EC6FBDF17}
		{28DE633D-2CBE-439A-B765-181D9A7A20A3} = {CA253913-39DE-BFD0-C9A3-4B7EC6FBDF17}
		{20DE3AA6-5776-45A1-A753-00752806AA3A} = {CA253913-39DE-BFD0-C9A3-4B7EC6FBDF17}
		{A48E380F-290A-4545-80C3-91DC00868E0D} = {CA253913-39DE-BFD0-C9A3-4B7EC6FBDF17}
		{61AC672B-729D-475E-B508-2D0CA0954337} = {CA253913-39DE-BFD0-C9A3-4B7EC6FBDF17}
		{5ACCB023-2DB4-4452-87A5-A626A4DE1068} = {CA253913-39DE-BFD0-C9A3-4B7EC6FBDF17}
		{1AA8F5F8-AC2A-47AE-AF02-53C329A2B1BB} = {CA253913-39DE-BFD0-C9A3-4B7EC6FBDF17}
		{88AC1D30-B4DE-41B6-94AD-063CB81B6502} = {CA253913-39DE-BFD0-C9A3-4B7EC6FBDF17}
		{22BCD51A-F339-425B-909D-E33A853187EC} = {CA253913-39DE-BFD0-C9A3-4B7EC6FBDF17}
		{438B0529-6E3C-4852-B5C1-3FD2E87B847B} = {CA253913-39DE-BFD0-C9A3-4B7EC6FBDF17}
	EndGlobalSection
EndGlobal
